
Microsoft Visual Studio Solution File, Format Version 11.00
# Visual Studio 2010
Project("{FAE04EC0-301F-11D3-BF4B-00C04F79EFBC}") = "SmartSpider", "SmartSpider\SmartSpider.csproj", "{865963E2-E6AC-4617-94C8-908564665DF4}"
EndProject
Project("{FAE04EC0-301F-11D3-BF4B-00C04F79EFBC}") = "SmartSpiderIUtility", "SmartSpiderIUtility\SmartSpiderIUtility.csproj", "{950212EF-1D9A-47D1-A278-9C5D2A9F6D67}"
EndProject
Project("{FAE04EC0-301F-11D3-BF4B-00C04F79EFBC}") = "SmartSpiderConfig", "SmartSpiderConfig\SmartSpiderConfig.csproj", "{4E1169EC-CCD2-4F8E-8157-47CE07753DD9}"
EndProject
Project("{2150E333-8FDC-42A3-9474-1A3956D46DE8}") = "公共组件", "公共组件", "{11232049-0B77-42AA-9192-9173D73CA77D}"
EndProject
Project("{FAE04EC0-301F-11D3-BF4B-00C04F79EFBC}") = "SmartUtility", "..\Smart\SmartUtility\SmartUtility.csproj", "{B7456CA5-DDD6-47D7-9618-9C4A5F7C8D6B}"
EndProject
Project("{FAE04EC0-301F-11D3-BF4B-00C04F79EFBC}") = "SmartDBUtility", "..\Smart\SmartDBUtility\SmartDBUtility.csproj", "{40B79F71-57F3-4E04-8277-25A24CDCB7A5}"
EndProject
Global
	GlobalSection(TestCaseManagementSettings) = postSolution
		CategoryFile = SmartSpider10.vsmdi
	EndGlobalSection
	GlobalSection(SolutionConfigurationPlatforms) = preSolution
		Debug|Any CPU = Debug|Any CPU
		Debug|Mixed Platforms = Debug|Mixed Platforms
		Debug|x86 = Debug|x86
		Release|Any CPU = Release|Any CPU
		Release|Mixed Platforms = Release|Mixed Platforms
		Release|x86 = Release|x86
	EndGlobalSection
	GlobalSection(ProjectConfigurationPlatforms) = postSolution
		{865963E2-E6AC-4617-94C8-908564665DF4}.Debug|Any CPU.ActiveCfg = Debug|x86
		{865963E2-E6AC-4617-94C8-908564665DF4}.Debug|Mixed Platforms.ActiveCfg = Debug|x86
		{865963E2-E6AC-4617-94C8-908564665DF4}.Debug|Mixed Platforms.Build.0 = Debug|x86
		{865963E2-E6AC-4617-94C8-908564665DF4}.Debug|x86.ActiveCfg = Debug|x86
		{865963E2-E6AC-4617-94C8-908564665DF4}.Debug|x86.Build.0 = Debug|x86
		{865963E2-E6AC-4617-94C8-908564665DF4}.Release|Any CPU.ActiveCfg = Release|x86
		{865963E2-E6AC-4617-94C8-908564665DF4}.Release|Mixed Platforms.ActiveCfg = Release|x86
		{865963E2-E6AC-4617-94C8-908564665DF4}.Release|Mixed Platforms.Build.0 = Release|x86
		{865963E2-E6AC-4617-94C8-908564665DF4}.Release|x86.ActiveCfg = Release|x86
		{865963E2-E6AC-4617-94C8-908564665DF4}.Release|x86.Build.0 = Release|x86
		{950212EF-1D9A-47D1-A278-9C5D2A9F6D67}.Debug|Any CPU.ActiveCfg = Debug|Any CPU
		{950212EF-1D9A-47D1-A278-9C5D2A9F6D67}.Debug|Any CPU.Build.0 = Debug|Any CPU
		{950212EF-1D9A-47D1-A278-9C5D2A9F6D67}.Debug|Mixed Platforms.ActiveCfg = Debug|Any CPU
		{950212EF-1D9A-47D1-A278-9C5D2A9F6D67}.Debug|Mixed Platforms.Build.0 = Debug|Any CPU
		{950212EF-1D9A-47D1-A278-9C5D2A9F6D67}.Debug|x86.ActiveCfg = Debug|Any CPU
		{950212EF-1D9A-47D1-A278-9C5D2A9F6D67}.Release|Any CPU.ActiveCfg = Release|Any CPU
		{950212EF-1D9A-47D1-A278-9C5D2A9F6D67}.Release|Any CPU.Build.0 = Release|Any CPU
		{950212EF-1D9A-47D1-A278-9C5D2A9F6D67}.Release|Mixed Platforms.ActiveCfg = Release|Any CPU
		{950212EF-1D9A-47D1-A278-9C5D2A9F6D67}.Release|Mixed Platforms.Build.0 = Release|Any CPU
		{950212EF-1D9A-47D1-A278-9C5D2A9F6D67}.Release|x86.ActiveCfg = Release|Any CPU
		{4E1169EC-CCD2-4F8E-8157-47CE07753DD9}.Debug|Any CPU.ActiveCfg = Debug|Any CPU
		{4E1169EC-CCD2-4F8E-8157-47CE07753DD9}.Debug|Any CPU.Build.0 = Debug|Any CPU
		{4E1169EC-CCD2-4F8E-8157-47CE07753DD9}.Debug|Mixed Platforms.ActiveCfg = Debug|Any CPU
		{4E1169EC-CCD2-4F8E-8157-47CE07753DD9}.Debug|Mixed Platforms.Build.0 = Debug|Any CPU
		{4E1169EC-CCD2-4F8E-8157-47CE07753DD9}.Debug|x86.ActiveCfg = Debug|Any CPU
		{4E1169EC-CCD2-4F8E-8157-47CE07753DD9}.Release|Any CPU.ActiveCfg = Release|Any CPU
		{4E1169EC-CCD2-4F8E-8157-47CE07753DD9}.Release|Any CPU.Build.0 = Release|Any CPU
		{4E1169EC-CCD2-4F8E-8157-47CE07753DD9}.Release|Mixed Platforms.ActiveCfg = Release|Any CPU
		{4E1169EC-CCD2-4F8E-8157-47CE07753DD9}.Release|Mixed Platforms.Build.0 = Release|Any CPU
		{4E1169EC-CCD2-4F8E-8157-47CE07753DD9}.Release|x86.ActiveCfg = Release|Any CPU
		{B7456CA5-DDD6-47D7-9618-9C4A5F7C8D6B}.Debug|Any CPU.ActiveCfg = Debug|Any CPU
		{B7456CA5-DDD6-47D7-9618-9C4A5F7C8D6B}.Debug|Any CPU.Build.0 = Debug|Any CPU
		{B7456CA5-DDD6-47D7-9618-9C4A5F7C8D6B}.Debug|Mixed Platforms.ActiveCfg = Debug|Any CPU
		{B7456CA5-DDD6-47D7-9618-9C4A5F7C8D6B}.Debug|Mixed Platforms.Build.0 = Debug|Any CPU
		{B7456CA5-DDD6-47D7-9618-9C4A5F7C8D6B}.Debug|x86.ActiveCfg = Debug|Any CPU
		{B7456CA5-DDD6-47D7-9618-9C4A5F7C8D6B}.Release|Any CPU.ActiveCfg = Release|Any CPU
		{B7456CA5-DDD6-47D7-9618-9C4A5F7C8D6B}.Release|Any CPU.Build.0 = Release|Any CPU
		{B7456CA5-DDD6-47D7-9618-9C4A5F7C8D6B}.Release|Mixed Platforms.ActiveCfg = Release|Any CPU
		{B7456CA5-DDD6-47D7-9618-9C4A5F7C8D6B}.Release|Mixed Platforms.Build.0 = Release|Any CPU
		{B7456CA5-DDD6-47D7-9618-9C4A5F7C8D6B}.Release|x86.ActiveCfg = Release|Any CPU
		{40B79F71-57F3-4E04-8277-25A24CDCB7A5}.Debug|Any CPU.ActiveCfg = Debug|Any CPU
		{40B79F71-57F3-4E04-8277-25A24CDCB7A5}.Debug|Any CPU.Build.0 = Debug|Any CPU
		{40B79F71-57F3-4E04-8277-25A24CDCB7A5}.Debug|Mixed Platforms.ActiveCfg = Debug|Any CPU
		{40B79F71-57F3-4E04-8277-25A24CDCB7A5}.Debug|Mixed Platforms.Build.0 = Debug|Any CPU
		{40B79F71-57F3-4E04-8277-25A24CDCB7A5}.Debug|x86.ActiveCfg = Debug|Any CPU
		{40B79F71-57F3-4E04-8277-25A24CDCB7A5}.Release|Any CPU.ActiveCfg = Release|Any CPU
		{40B79F71-57F3-4E04-8277-25A24CDCB7A5}.Release|Any CPU.Build.0 = Release|Any CPU
		{40B79F71-57F3-4E04-8277-25A24CDCB7A5}.Release|Mixed Platforms.ActiveCfg = Release|Any CPU
		{40B79F71-57F3-4E04-8277-25A24CDCB7A5}.Release|Mixed Platforms.Build.0 = Release|Any CPU
		{40B79F71-57F3-4E04-8277-25A24CDCB7A5}.Release|x86.ActiveCfg = Release|Any CPU
	EndGlobalSection
	GlobalSection(SolutionProperties) = preSolution
		HideSolutionNode = FALSE
	EndGlobalSection
	GlobalSection(NestedProjects) = preSolution
		{B7456CA5-DDD6-47D7-9618-9C4A5F7C8D6B} = {11232049-0B77-42AA-9192-9173D73CA77D}
		{40B79F71-57F3-4E04-8277-25A24CDCB7A5} = {11232049-0B77-42AA-9192-9173D73CA77D}
	EndGlobalSection
	GlobalSection(SubversionScc) = preSolution
		Svn-Managed = True
		Manager = AnkhSVN - Subversion Support for Visual Studio
	EndGlobalSection
EndGlobal
